{
  "version": 4,
  "terraform_version": "1.0.9",
  "serial": 2,
  "lineage": "a2b9909b-2756-5f5c-5ce3-6d2134d042f5",
  "outputs": {},
  "resources": [
    {
      "mode": "managed",
      "type": "aws_vpc",
      "name": "myvpc",
      "provider": "provider[\"registry.terraform.io/hashicorp/aws\"]",
      "instances": [
        {
          "schema_version": 1,
          "attributes": {
            "arn": "arn:aws:ec2:us-west-1:180358738539:vpc/vpc-059e8d0d7681f32ca",
            "assign_generated_ipv6_cidr_block": false,
            "cidr_block": "10.0.0.0/16",
            "default_network_acl_id": "acl-06100c8c3a69a15b3",
            "default_route_table_id": "rtb-09ac07fa5ac667c34",
            "default_security_group_id": "sg-01d7c188cdf569784",
            "dhcp_options_id": "dopt-d87bbdbe",
            "enable_classiclink": false,
            "enable_classiclink_dns_support": false,
            "enable_dns_hostnames": false,
            "enable_dns_support": true,
            "id": "vpc-059e8d0d7681f32ca",
            "instance_tenancy": "default",
            "ipv6_association_id": "",
            "ipv6_cidr_block": "",
            "main_route_table_id": "rtb-09ac07fa5ac667c34",
            "owner_id": "180358738539",
            "tags": null,
            "tags_all": {}
          },
          "sensitive_attributes": [],
          "private": "eyJzY2hlbWFfdmVyc2lvbiI6IjEifQ=="
        }
      ]
    },
    {
      "mode": "managed",
      "type": "aws_vpc",
      "name": "myvpc2",
      "provider": "provider[\"registry.terraform.io/hashicorp/aws\"]",
      "instances": [
        {
          "schema_version": 1,
          "attributes": {
            "arn": "arn:aws:ec2:us-west-1:180358738539:vpc/vpc-0aa6beefff759288f",
            "assign_generated_ipv6_cidr_block": false,
            "cidr_block": "192.168.0.0/24",
            "default_network_acl_id": "acl-08df8f1392532c7c8",
            "default_route_table_id": "rtb-08e4225ad0834a2d4",
            "default_security_group_id": "sg-0b3c19a471fc0ef2c",
            "dhcp_options_id": "dopt-d87bbdbe",
            "enable_classiclink": false,
            "enable_classiclink_dns_support": false,
            "enable_dns_hostnames": false,
            "enable_dns_support": true,
            "id": "vpc-0aa6beefff759288f",
            "instance_tenancy": "default",
            "ipv6_association_id": "",
            "ipv6_cidr_block": "",
            "main_route_table_id": "rtb-08e4225ad0834a2d4",
            "owner_id": "180358738539",
            "tags": {},
            "tags_all": {}
          },
          "sensitive_attributes": [],
          "private": "eyJzY2hlbWFfdmVyc2lvbiI6IjEifQ=="
        }
      ]
    }
  ]
}
