{
  "version": 4,
  "terraform_version": "1.0.9",
  "serial": 1,
  "lineage": "5e4c0e6e-b7a2-8ed8-4d9e-0749903bd9d0",
  "outputs": {},
  "resources": [
    {
      "mode": "managed",
      "type": "aws_vpc",
      "name": "myvpc",
      "provider": "provider[\"registry.terraform.io/hashicorp/aws\"]",
      "instances": [
        {
          "schema_version": 1,
          "attributes": {
            "arn": "arn:aws:ec2:us-west-1:180358738539:vpc/vpc-07281e9e484d3b34a",
            "assign_generated_ipv6_cidr_block": false,
            "cidr_block": "10.0.0.0/16",
            "default_network_acl_id": "acl-03055b77ac32e6662",
            "default_route_table_id": "rtb-08009d48b8887895d",
            "default_security_group_id": "sg-035044cfc57fa8fb5",
            "dhcp_options_id": "dopt-d87bbdbe",
            "enable_classiclink": false,
            "enable_classiclink_dns_support": false,
            "enable_dns_hostnames": false,
            "enable_dns_support": true,
            "id": "vpc-07281e9e484d3b34a",
            "instance_tenancy": "default",
            "ipv6_association_id": "",
            "ipv6_cidr_block": "",
            "main_route_table_id": "rtb-08009d48b8887895d",
            "owner_id": "180358738539",
            "tags": null,
            "tags_all": {}
          },
          "sensitive_attributes": [],
          "private": "eyJzY2hlbWFfdmVyc2lvbiI6IjEifQ=="
        }
      ]
    }
  ]
}
