{
  "version": 4,
  "terraform_version": "1.0.9",
  "serial": 2,
  "lineage": "109d457e-2905-2bc0-5935-59034c32e54e",
  "outputs": {
    "vpcid": {
      "value": "vpc-04e853c6f8f6fbab9",
      "type": "string"
    }
  },
  "resources": [
    {
      "mode": "managed",
      "type": "aws_vpc",
      "name": "myvpc",
      "provider": "provider[\"registry.terraform.io/hashicorp/aws\"]",
      "instances": [
        {
          "schema_version": 1,
          "attributes": {
            "arn": "arn:aws:ec2:us-west-1:180358738539:vpc/vpc-04e853c6f8f6fbab9",
            "assign_generated_ipv6_cidr_block": false,
            "cidr_block": "10.0.0.0/16",
            "default_network_acl_id": "acl-030f3f6a9263157ac",
            "default_route_table_id": "rtb-07d2f2f452ff47631",
            "default_security_group_id": "sg-04e9e79f865483267",
            "dhcp_options_id": "dopt-d87bbdbe",
            "enable_classiclink": false,
            "enable_classiclink_dns_support": false,
            "enable_dns_hostnames": false,
            "enable_dns_support": true,
            "id": "vpc-04e853c6f8f6fbab9",
            "instance_tenancy": "default",
            "ipv6_association_id": "",
            "ipv6_cidr_block": "",
            "main_route_table_id": "rtb-07d2f2f452ff47631",
            "owner_id": "180358738539",
            "tags": {
              "Name": "inputvpc"
            },
            "tags_all": {
              "Name": "inputvpc"
            }
          },
          "sensitive_attributes": [],
          "private": "eyJzY2hlbWFfdmVyc2lvbiI6IjEifQ=="
        }
      ]
    }
  ]
}
